
Microsoft Visual Studio Solution File, Format Version 12.00
# Visual Studio Version 17
VisualStudioVersion = 17.4.33213.308
MinimumVisualStudioVersion = 10.0.40219.1
Project("{FAE04EC0-301F-11D3-BF4B-00C04F79EFBC}") = "AppBuscaCep2.Android", "AppBuscaCep2\AppBuscaCep2.Android\AppBuscaCep2.Android.csproj", "{FAA3E15D-D3A7-4D56-AE5B-F153777B3027}"
EndProject
Project("{FAE04EC0-301F-11D3-BF4B-00C04F79EFBC}") = "AppBuscaCep2", "AppBuscaCep2\AppBuscaCep2\AppBuscaCep2.csproj", "{F43A1C36-A600-4137-8349-4E1D945C4057}"
EndProject
Global
	GlobalSection(SolutionConfigurationPlatforms) = preSolution
		Debug|Any CPU = Debug|Any CPU
		Release|Any CPU = Release|Any CPU
	EndGlobalSection
	GlobalSection(ProjectConfigurationPlatforms) = postSolution
		{FAA3E15D-D3A7-4D56-AE5B-F153777B3027}.Debug|Any CPU.ActiveCfg = Debug|Any CPU
		{FAA3E15D-D3A7-4D56-AE5B-F153777B3027}.Debug|Any CPU.Build.0 = Debug|Any CPU
		{FAA3E15D-D3A7-4D56-AE5B-F153777B3027}.Debug|Any CPU.Deploy.0 = Debug|Any CPU
		{FAA3E15D-D3A7-4D56-AE5B-F153777B3027}.Release|Any CPU.ActiveCfg = Release|Any CPU
		{FAA3E15D-D3A7-4D56-AE5B-F153777B3027}.Release|Any CPU.Build.0 = Release|Any CPU
		{FAA3E15D-D3A7-4D56-AE5B-F153777B3027}.Release|Any CPU.Deploy.0 = Release|Any CPU
		{F43A1C36-A600-4137-8349-4E1D945C4057}.Debug|Any CPU.ActiveCfg = Debug|Any CPU
		{F43A1C36-A600-4137-8349-4E1D945C4057}.Debug|Any CPU.Build.0 = Debug|Any CPU
		{F43A1C36-A600-4137-8349-4E1D945C4057}.Debug|Any CPU.Deploy.0 = Debug|Any CPU
		{F43A1C36-A600-4137-8349-4E1D945C4057}.Release|Any CPU.ActiveCfg = Release|Any CPU
		{F43A1C36-A600-4137-8349-4E1D945C4057}.Release|Any CPU.Build.0 = Release|Any CPU
		{F43A1C36-A600-4137-8349-4E1D945C4057}.Release|Any CPU.Deploy.0 = Release|Any CPU
	EndGlobalSection
	GlobalSection(SolutionProperties) = preSolution
		HideSolutionNode = FALSE
	EndGlobalSection
	GlobalSection(ExtensibilityGlobals) = postSolution
		SolutionGuid = {B7C0F967-5A2A-4CB3-AA2B-39A6C59AA532}
	EndGlobalSection
EndGlobal
